// !$*UTF8*$!
{
	archiveVersion = 1;
	classes = {
	};
	objectVersion = 46;
	objects = {

/* Begin PBXBuildFile section */
		5997A7671DDBA6DF0011DB47 /* AppDelegate.swift in Sources */ = {isa = PBXBuildFile; fileRef = 5997A7661DDBA6DF0011DB47 /* AppDelegate.swift */; };
		5997A7691DDBA6DF0011DB47 /* MainVc.swift in Sources */ = {isa = PBXBuildFile; fileRef = 5997A7681DDBA6DF0011DB47 /* MainVc.swift */; };
		5997A76C1DDBA6DF0011DB47 /* Main.storyboard in Resources */ = {isa = PBXBuildFile; fileRef = 5997A76A1DDBA6DF0011DB47 /* Main.storyboard */; };
		5997A76F1DDBA6DF0011DB47 /* Dreamlister.xcdatamodeld in Sources */ = {isa = PBXBuildFile; fileRef = 5997A76D1DDBA6DF0011DB47 /* Dreamlister.xcdatamodeld */; };
		5997A7711DDBA6DF0011DB47 /* Assets.xcassets in Resources */ = {isa = PBXBuildFile; fileRef = 5997A7701DDBA6DF0011DB47 /* Assets.xcassets */; };
		5997A7741DDBA6DF0011DB47 /* LaunchScreen.storyboard in Resources */ = {isa = PBXBuildFile; fileRef = 5997A7721DDBA6DF0011DB47 /* LaunchScreen.storyboard */; };
		5997A78F1DE4D46B0011DB47 /* MaterialVeiw.swift in Sources */ = {isa = PBXBuildFile; fileRef = 5997A78E1DE4D46B0011DB47 /* MaterialVeiw.swift */; };
		59D335C91DF0A74B00C0B79E /* ItemDetailsVc.swift in Sources */ = {isa = PBXBuildFile; fileRef = 59D335C81DF0A74B00C0B79E /* ItemDetailsVc.swift */; };
		59E18AC51DE790B300EAE46A /* ItemCell.swift in Sources */ = {isa = PBXBuildFile; fileRef = 59E18AC41DE790B300EAE46A /* ItemCell.swift */; };
/* End PBXBuildFile section */

/* Begin PBXFileReference section */
		5997A7631DDBA6DF0011DB47 /* Dreamlister.app */ = {isa = PBXFileReference; explicitFileType = wrapper.application; includeInIndex = 0; path = Dreamlister.app; sourceTree = BUILT_PRODUCTS_DIR; };
		5997A7661DDBA6DF0011DB47 /* AppDelegate.swift */ = {isa = PBXFileReference; lastKnownFileType = sourcecode.swift; path = AppDelegate.swift; sourceTree = "<group>"; };
		5997A7681DDBA6DF0011DB47 /* MainVc.swift */ = {isa = PBXFileReference; lastKnownFileType = sourcecode.swift; path = MainVc.swift; sourceTree = "<group>"; };
		5997A76B1DDBA6DF0011DB47 /* Base */ = {isa = PBXFileReference; lastKnownFileType = file.storyboard; name = Base; path = Base.lproj/Main.storyboard; sourceTree = "<group>"; };
		5997A76E1DDBA6DF0011DB47 /* Dreamlister.xcdatamodel */ = {isa = PBXFileReference; lastKnownFileType = wrapper.xcdatamodel; path = Dreamlister.xcdatamodel; sourceTree = "<group>"; };
		5997A7701DDBA6DF0011DB47 /* Assets.xcassets */ = {isa = PBXFileReference; lastKnownFileType = folder.assetcatalog; path = Assets.xcassets; sourceTree = "<group>"; };
		5997A7731DDBA6DF0011DB47 /* Base */ = {isa = PBXFileReference; lastKnownFileType = file.storyboard; name = Base; path = Base.lproj/LaunchScreen.storyboard; sourceTree = "<group>"; };
		5997A7751DDBA6DF0011DB47 /* Info.plist */ = {isa = PBXFileReference; lastKnownFileType = text.plist.xml; path = Info.plist; sourceTree = "<group>"; };
		5997A78E1DE4D46B0011DB47 /* MaterialVeiw.swift */ = {isa = PBXFileReference; fileEncoding = 4; lastKnownFileType = sourcecode.swift; path = MaterialVeiw.swift; sourceTree = "<group>"; };
		59D335C81DF0A74B00C0B79E /* ItemDetailsVc.swift */ = {isa = PBXFileReference; fileEncoding = 4; lastKnownFileType = sourcecode.swift; path = ItemDetailsVc.swift; sourceTree = "<group>"; };
		59E18AC41DE790B300EAE46A /* ItemCell.swift */ = {isa = PBXFileReference; fileEncoding = 4; lastKnownFileType = sourcecode.swift; path = ItemCell.swift; sourceTree = "<group>"; };
/* End PBXFileReference section */

/* Begin PBXFrameworksBuildPhase section */
		5997A7601DDBA6DF0011DB47 /* Frameworks */ = {
			isa = PBXFrameworksBuildPhase;
			buildActionMask = 2147483647;
			files = (
			);
			runOnlyForDeploymentPostprocessing = 0;
		};
/* End PBXFrameworksBuildPhase section */

/* Begin PBXGroup section */
		5997A75A1DDBA6DF0011DB47 = {
			isa = PBXGroup;
			children = (
				59D335C71DF0A6C000C0B79E /* controller */,
				5997A78D1DE4D41D0011DB47 /* view */,
				5997A7651DDBA6DF0011DB47 /* Dreamlister */,
				5997A7641DDBA6DF0011DB47 /* Products */,
			);
			sourceTree = "<group>";
		};
		5997A7641DDBA6DF0011DB47 /* Products */ = {
			isa = PBXGroup;
			children = (
				5997A7631DDBA6DF0011DB47 /* Dreamlister.app */,
			);
			name = Products;
			sourceTree = "<group>";
		};
		5997A7651DDBA6DF0011DB47 /* Dreamlister */ = {
			isa = PBXGroup;
			children = (
				5997A7661DDBA6DF0011DB47 /* AppDelegate.swift */,
				5997A7681DDBA6DF0011DB47 /* MainVc.swift */,
				5997A76A1DDBA6DF0011DB47 /* Main.storyboard */,
				5997A7701DDBA6DF0011DB47 /* Assets.xcassets */,
				5997A7721DDBA6DF0011DB47 /* LaunchScreen.storyboard */,
				5997A7751DDBA6DF0011DB47 /* Info.plist */,
				5997A76D1DDBA6DF0011DB47 /* Dreamlister.xcdatamodeld */,
			);
			path = Dreamlister;
			sourceTree = "<group>";
		};
		5997A78D1DE4D41D0011DB47 /* view */ = {
			isa = PBXGroup;
			children = (
				5997A78E1DE4D46B0011DB47 /* MaterialVeiw.swift */,
				59E18AC41DE790B300EAE46A /* ItemCell.swift */,
			);
			name = view;
			sourceTree = "<group>";
		};
		59D335C71DF0A6C000C0B79E /* controller */ = {
			isa = PBXGroup;
			children = (
				59D335C81DF0A74B00C0B79E /* ItemDetailsVc.swift */,
			);
			name = controller;
			sourceTree = "<group>";
		};
/* End PBXGroup section */

/* Begin PBXNativeTarget section */
		5997A7621DDBA6DF0011DB47 /* Dreamlister */ = {
			isa = PBXNativeTarget;
			buildConfigurationList = 5997A7781DDBA6DF0011DB47 /* Build configuration list for PBXNativeTarget "Dreamlister" */;
			buildPhases = (
				5997A75F1DDBA6DF0011DB47 /* Sources */,
				5997A7601DDBA6DF0011DB47 /* Frameworks */,
				5997A7611DDBA6DF0011DB47 /* Resources */,
			);
			buildRules = (
			);
			dependencies = (
			);
			name = Dreamlister;
			productName = Dreamlister;
			productReference = 5997A7631DDBA6DF0011DB47 /* Dreamlister.app */;
			productType = "com.apple.product-type.application";
		};
/* End PBXNativeTarget section */

/* Begin PBXProject section */
		5997A75B1DDBA6DF0011DB47 /* Project object */ = {
			isa = PBXProject;
			attributes = {
				LastSwiftUpdateCheck = 0810;
				LastUpgradeCheck = 0810;
				ORGANIZATIONNAME = ShApps;
				TargetAttributes = {
					5997A7621DDBA6DF0011DB47 = {
						CreatedOnToolsVersion = 8.1;
						DevelopmentTeam = MRJEMK8UU2;
						ProvisioningStyle = Automatic;
					};
				};
			};
			buildConfigurationList = 5997A75E1DDBA6DF0011DB47 /* Build configuration list for PBXProject "Dreamlister" */;
			compatibilityVersion = "Xcode 3.2";
			developmentRegion = English;
			hasScannedForEncodings = 0;
			knownRegions = (
				en,
				Base,
			);
			mainGroup = 5997A75A1DDBA6DF0011DB47;
			productRefGroup = 5997A7641DDBA6DF0011DB47 /* Products */;
			projectDirPath = "";
			projectRoot = "";
			targets = (
				5997A7621DDBA6DF0011DB47 /* Dreamlister */,
			);
		};
/* End PBXProject section */

/* Begin PBXResourcesBuildPhase section */
		5997A7611DDBA6DF0011DB47 /* Resources */ = {
			isa = PBXResourcesBuildPhase;
			buildActionMask = 2147483647;
			files = (
				5997A7741DDBA6DF0011DB47 /* LaunchScreen.storyboard in Resources */,
				5997A7711DDBA6DF0011DB47 /* Assets.xcassets in Resources */,
				5997A76C1DDBA6DF0011DB47 /* Main.storyboard in Resources */,
			);
			runOnlyForDeploymentPostprocessing = 0;
		};
/* End PBXResourcesBuildPhase section */

/* Begin PBXSourcesBuildPhase section */
		5997A75F1DDBA6DF0011DB47 /* Sources */ = {
			isa = PBXSourcesBuildPhase;
			buildActionMask = 2147483647;
			files = (
				5997A7691DDBA6DF0011DB47 /* MainVc.swift in Sources */,
				5997A76F1DDBA6DF0011DB47 /* Dreamlister.xcdatamodeld in Sources */,
				59D335C91DF0A74B00C0B79E /* ItemDetailsVc.swift in Sources */,
				5997A7671DDBA6DF0011DB47 /* AppDelegate.swift in Sources */,
				5997A78F1DE4D46B0011DB47 /* MaterialVeiw.swift in Sources */,
				59E18AC51DE790B300EAE46A /* ItemCell.swift in Sources */,
			);
			runOnlyForDeploymentPostprocessing = 0;
		};
/* End PBXSourcesBuildPhase section */

/* Begin PBXVariantGroup section */
		5997A76A1DDBA6DF0011DB47 /* Main.storyboard */ = {
			isa = PBXVariantGroup;
			children = (
				5997A76B1DDBA6DF0011DB47 /* Base */,
			);
			name = Main.storyboard;
			sourceTree = "<group>";
		};
		5997A7721DDBA6DF0011DB47 /* LaunchScreen.storyboard */ = {
			isa = PBXVariantGroup;
			children = (
				5997A7731DDBA6DF0011DB47 /* Base */,
			);
			name = LaunchScreen.storyboard;
			sourceTree = "<group>";
		};
/* End PBXVariantGroup section */

/* Begin XCBuildConfiguration section */
		5997A7761DDBA6DF0011DB47 /* Debug */ = {
			isa = XCBuildConfiguration;
			buildSettings = {
				ALWAYS_SEARCH_USER_PATHS = NO;
				CLANG_ANALYZER_NONNULL = YES;
				CLANG_CXX_LANGUAGE_STANDARD = "gnu++0x";
				CLANG_CXX_LIBRARY = "libc++";
				CLANG_ENABLE_MODULES = YES;
				CLANG_ENABLE_OBJC_ARC = YES;
				CLANG_WARN_BOOL_CONVERSION = YES;
				CLANG_WARN_CONSTANT_CONVERSION = YES;
				CLANG_WARN_DIRECT_OBJC_ISA_USAGE = YES_ERROR;
				CLANG_WARN_DOCUMENTATION_COMMENTS = YES;
				CLANG_WARN_EMPTY_BODY = YES;
				CLANG_WARN_ENUM_CONVERSION = YES;
				CLANG_WARN_INFINITE_RECURSION = YES;
				CLANG_WARN_INT_CONVERSION = YES;
				CLANG_WARN_OBJC_ROOT_CLASS = YES_ERROR;
				CLANG_WARN_SUSPICIOUS_MOVES = YES;
				CLANG_WARN_UNREACHABLE_CODE = YES;
				CLANG_WARN__DUPLICATE_METHOD_MATCH = YES;
				"CODE_SIGN_IDENTITY[sdk=iphoneos*]" = "iPhone Developer";
				COPY_PHASE_STRIP = NO;
				DEBUG_INFORMATION_FORMAT = dwarf;
				ENABLE_STRICT_OBJC_MSGSEND = YES;
				ENABLE_TESTABILITY = YES;
				GCC_C_LANGUAGE_STANDARD = gnu99;
				GCC_DYNAMIC_NO_PIC = NO;
				GCC_NO_COMMON_BLOCKS = YES;
				GCC_OPTIMIZATION_LEVEL = 0;
				GCC_PREPROCESSOR_DEFINITIONS = (
					"DEBUG=1",
					"$(inherited)",
				);
				GCC_WARN_64_TO_32_BIT_CONVERSION = YES;
				GCC_WARN_ABOUT_RETURN_TYPE = YES_ERROR;
				GCC_WARN_UNDECLARED_SELECTOR = YES;
				GCC_WARN_UNINITIALIZED_AUTOS = YES_AGGRESSIVE;
				GCC_WARN_UNUSED_FUNCTION = YES;
				GCC_WARN_UNUSED_VARIABLE = YES;
				IPHONEOS_DEPLOYMENT_TARGET = 10.1;
				MTL_ENABLE_DEBUG_INFO = YES;
				ONLY_ACTIVE_ARCH = YES;
				SDKROOT = iphoneos;
				SWIFT_ACTIVE_COMPILATION_CONDITIONS = DEBUG;
				SWIFT_OPTIMIZATION_LEVEL = "-Onone";
				TARGETED_DEVICE_FAMILY = "1,2";
			};
			name = Debug;
		};
		5997A7771DDBA6DF0011DB47 /* Release */ = {
			isa = XCBuildConfiguration;
			buildSettings = {
				ALWAYS_SEARCH_USER_PATHS = NO;
				CLANG_ANALYZER_NONNULL = YES;
				CLANG_CXX_LANGUAGE_STANDARD = "gnu++0x";
				CLANG_CXX_LIBRARY = "libc++";
				CLANG_ENABLE_MODULES = YES;
				CLANG_ENABLE_OBJC_ARC = YES;
				CLANG_WARN_BOOL_CONVERSION = YES;
				CLANG_WARN_CONSTANT_CONVERSION = YES;
				CLANG_WARN_DIRECT_OBJC_ISA_USAGE = YES_ERROR;
				CLANG_WARN_DOCUMENTATION_COMMENTS = YES;
				CLANG_WARN_EMPTY_BODY = YES;
				CLANG_WARN_ENUM_CONVERSION = YES;
				CLANG_WARN_INFINITE_RECURSION = YES;
				CLANG_WARN_INT_CONVERSION = YES;
				CLANG_WARN_OBJC_ROOT_CLASS = YES_ERROR;
				CLANG_WARN_SUSPICIOUS_MOVES = YES;
				CLANG_WARN_UNREACHABLE_CODE = YES;
				CLANG_WARN__DUPLICATE_METHOD_MATCH = YES;
				"CODE_SIGN_IDENTITY[sdk=iphoneos*]" = "iPhone Developer";
				COPY_PHASE_STRIP = NO;
				DEBUG_INFORMATION_FORMAT = "dwarf-with-dsym";
				ENABLE_NS_ASSERTIONS = NO;
				ENABLE_STRICT_OBJC_MSGSEND = YES;
				GCC_C_LANGUAGE_STANDARD = gnu99;
				GCC_NO_COMMON_BLOCKS = YES;
				GCC_WARN_64_TO_32_BIT_CONVERSION = YES;
				GCC_WARN_ABOUT_RETURN_TYPE = YES_ERROR;
				GCC_WARN_UNDECLARED_SELECTOR = YES;
				GCC_WARN_UNINITIALIZED_AUTOS = YES_AGGRESSIVE;
				GCC_WARN_UNUSED_FUNCTION = YES;
				GCC_WARN_UNUSED_VARIABLE = YES;
				IPHONEOS_DEPLOYMENT_TARGET = 10.1;
				MTL_ENABLE_DEBUG_INFO = NO;
				SDKROOT = iphoneos;
				SWIFT_OPTIMIZATION_LEVEL = "-Owholemodule";
				TARGETED_DEVICE_FAMILY = "1,2";
				VALIDATE_PRODUCT = YES;
			};
			name = Release;
		};
		5997A7791DDBA6DF0011DB47 /* Debug */ = {
			isa = XCBuildConfiguration;
			buildSettings = {
				ASSETCATALOG_COMPILER_APPICON_NAME = AppIcon;
				DEVELOPMENT_TEAM = MRJEMK8UU2;
				INFOPLIST_FILE = Dreamlister/Info.plist;
				LD_RUNPATH_SEARCH_PATHS = "$(inherited) @executable_path/Frameworks";
				PRODUCT_BUNDLE_IDENTIFIER = shAppsdev.Dreamlister;
				PRODUCT_NAME = "$(TARGET_NAME)";
				SWIFT_VERSION = 3.0;
			};
			name = Debug;
		};
		5997A77A1DDBA6DF0011DB47 /* Release */ = {
			isa = XCBuildConfiguration;
			buildSettings = {
				ASSETCATALOG_COMPILER_APPICON_NAME = AppIcon;
				DEVELOPMENT_TEAM = MRJEMK8UU2;
				INFOPLIST_FILE = Dreamlister/Info.plist;
				LD_RUNPATH_SEARCH_PATHS = "$(inherited) @executable_path/Frameworks";
				PRODUCT_BUNDLE_IDENTIFIER = shAppsdev.Dreamlister;
				PRODUCT_NAME = "$(TARGET_NAME)";
				SWIFT_VERSION = 3.0;
			};
			name = Release;
		};
/* End XCBuildConfiguration section */

/* Begin XCConfigurationList section */
		5997A75E1DDBA6DF0011DB47 /* Build configuration list for PBXProject "Dreamlister" */ = {
			isa = XCConfigurationList;
			buildConfigurations = (
				5997A7761DDBA6DF0011DB47 /* Debug */,
				5997A7771DDBA6DF0011DB47 /* Release */,
			);
			defaultConfigurationIsVisible = 0;
			defaultConfigurationName = Release;
		};
		5997A7781DDBA6DF0011DB47 /* Build configuration list for PBXNativeTarget "Dreamlister" */ = {
			isa = XCConfigurationList;
			buildConfigurations = (
				5997A7791DDBA6DF0011DB47 /* Debug */,
				5997A77A1DDBA6DF0011DB47 /* Release */,
			);
			defaultConfigurationIsVisible = 0;
			defaultConfigurationName = Release;
		};
/* End XCConfigurationList section */

/* Begin XCVersionGroup section */
		5997A76D1DDBA6DF0011DB47 /* Dreamlister.xcdatamodeld */ = {
			isa = XCVersionGroup;
			children = (
				5997A76E1DDBA6DF0011DB47 /* Dreamlister.xcdatamodel */,
			);
			currentVersion = 5997A76E1DDBA6DF0011DB47 /* Dreamlister.xcdatamodel */;
			path = Dreamlister.xcdatamodeld;
			sourceTree = "<group>";
			versionGroupType = wrapper.xcdatamodel;
		};
/* End XCVersionGroup section */
	};
	rootObject = 5997A75B1DDBA6DF0011DB47 /* Project object */;
}
